// !$*UTF8*$!
{
	archiveVersion = 1;
	classes = {
	};
	objectVersion = 46;
	objects = {

/* Begin PBXBuildFile section */
		5200C4931AEC82EA00FF89C2 /* PCGroupTableVC.m in Sources */ = {isa = PBXBuildFile; fileRef = 5200C4921AEC82EA00FF89C2 /* PCGroupTableVC.m */; };
		520D854E1B241F46000AB9CF /* Main.storyboard in Resources */ = {isa = PBXBuildFile; fileRef = 52B2B1C21ADFB0E700192404 /* Main.storyboard */; };
		520E2F141AFB9E9B008FBC27 /* PCCapsuleDetailVC.m in Sources */ = {isa = PBXBuildFile; fileRef = 520E2F131AFB9E9B008FBC27 /* PCCapsuleDetailVC.m */; };
		5215414F1B20278100BD6838 /* testImage.jpg in Resources */ = {isa = PBXBuildFile; fileRef = 5215414E1B20278100BD6838 /* testImage.jpg */; };
		523EC7911B207DAD00073FCE /* Localizable.strings in Resources */ = {isa = PBXBuildFile; fileRef = 523EC7931B207DAD00073FCE /* Localizable.strings */; };
		52415B6F1B3C23AF00F911B3 /* PCDocumentDatabase.m in Sources */ = {isa = PBXBuildFile; fileRef = 52415B6E1B3C23AF00F911B3 /* PCDocumentDatabase.m */; };
		5241FCD61B410BF200B059FB /* PCCapsuleGroup.m in Sources */ = {isa = PBXBuildFile; fileRef = 5241FCD51B410BF200B059FB /* PCCapsuleGroup.m */; };
		5241FCDC1B4159BB00B059FB /* PCDocumentWirter.m in Sources */ = {isa = PBXBuildFile; fileRef = 5241FCDB1B4159BB00B059FB /* PCDocumentWirter.m */; };
		5241FCE31B4237B800B059FB /* PCNewEntryTableVC.m in Sources */ = {isa = PBXBuildFile; fileRef = 5241FCE21B4237B800B059FB /* PCNewEntryTableVC.m */; };
		525FBA841B2FE99F0072F534 /* PCRegistTableVC.m in Sources */ = {isa = PBXBuildFile; fileRef = 525FBA831B2FE99F0072F534 /* PCRegistTableVC.m */; };
		525FBA891B319F740072F534 /* PCKeyChainCapsule.m in Sources */ = {isa = PBXBuildFile; fileRef = 525FBA881B319F740072F534 /* PCKeyChainCapsule.m */; };
		5263E8511AE8FDE000D79116 /* PCUnLockVC.m in Sources */ = {isa = PBXBuildFile; fileRef = 5263E8501AE8FDE000D79116 /* PCUnLockVC.m */; };
		526EEFDD1B2EFD0300B693CD /* PCDocumentManager.m in Sources */ = {isa = PBXBuildFile; fileRef = 526EEFDC1B2EFD0300B693CD /* PCDocumentManager.m */; };
		526EEFE01B2F04EB00B693CD /* PCNewDocumetTableVC.m in Sources */ = {isa = PBXBuildFile; fileRef = 526EEFDF1B2F04EB00B693CD /* PCNewDocumetTableVC.m */; };
		5277F3951B3D4340007AEB4A /* PCPassword.m in Sources */ = {isa = PBXBuildFile; fileRef = 5277F3941B3D4340007AEB4A /* PCPassword.m */; };
		52A9395C1B06F3C900E1DC68 /* iTunesArtwork in Resources */ = {isa = PBXBuildFile; fileRef = 52A9395B1B06F3C900E1DC68 /* iTunesArtwork */; };
		52B2B1B81ADFB0E700192404 /* main.m in Sources */ = {isa = PBXBuildFile; fileRef = 52B2B1B71ADFB0E700192404 /* main.m */; };
		52B2B1BB1ADFB0E700192404 /* PCAppDelegate.m in Sources */ = {isa = PBXBuildFile; fileRef = 52B2B1BA1ADFB0E700192404 /* PCAppDelegate.m */; };
		52B2B1C61ADFB0E700192404 /* Images.xcassets in Resources */ = {isa = PBXBuildFile; fileRef = 52B2B1C51ADFB0E700192404 /* Images.xcassets */; };
		52B2B1D51ADFB0E700192404 /* PassCapsuleTests.m in Sources */ = {isa = PBXBuildFile; fileRef = 52B2B1D41ADFB0E700192404 /* PassCapsuleTests.m */; };
		52E127A41B0C9AB200B4AB3D /* PCLoginVC.m in Sources */ = {isa = PBXBuildFile; fileRef = 52E127A31B0C9AB200B4AB3D /* PCLoginVC.m */; };
		52E3D8471B14792200C150FA /* PCRegistVC.m in Sources */ = {isa = PBXBuildFile; fileRef = 52E3D8461B14792200C150FA /* PCRegistVC.m */; };
		52E9687B1AF9D03300E6E759 /* PCXMLParser.m in Sources */ = {isa = PBXBuildFile; fileRef = 52E9687A1AF9D03300E6E759 /* PCXMLParser.m */; };
		52E9687F1AF9D14C00E6E759 /* PCCapsule.m in Sources */ = {isa = PBXBuildFile; fileRef = 52E9687E1AF9D14C00E6E759 /* PCCapsule.m */; };
		52E968821AF9D33E00E6E759 /* capsules.xml in Resources */ = {isa = PBXBuildFile; fileRef = 52E968811AF9D33E00E6E759 /* capsules.xml */; };
		C92072574D5258FB9B062893 /* libPods.a in Frameworks */ = {isa = PBXBuildFile; fileRef = 9A8E6AF98A55F1387ECD793B /* libPods.a */; };
/* End PBXBuildFile section */

/* Begin PBXContainerItemProxy section */
		52B2B1CF1ADFB0E700192404 /* PBXContainerItemProxy */ = {
			isa = PBXContainerItemProxy;
			containerPortal = 52B2B1AA1ADFB0E700192404 /* Project object */;
			proxyType = 1;
			remoteGlobalIDString = 52B2B1B11ADFB0E700192404;
			remoteInfo = PassCapsule;
		};
/* End PBXContainerItemProxy section */

/* Begin PBXFileReference section */
		39E665E6408B1EFA20B09C2E /* Pods.debug.xcconfig */ = {isa = PBXFileReference; includeInIndex = 1; lastKnownFileType = text.xcconfig; name = Pods.debug.xcconfig; path = "Pods/Target Support Files/Pods/Pods.debug.xcconfig"; sourceTree = "<group>"; };
		5200C4911AEC82EA00FF89C2 /* PCGroupTableVC.h */ = {isa = PBXFileReference; fileEncoding = 4; lastKnownFileType = sourcecode.c.h; path = PCGroupTableVC.h; sourceTree = "<group>"; usesTabs = 0; };
		5200C4921AEC82EA00FF89C2 /* PCGroupTableVC.m */ = {isa = PBXFileReference; fileEncoding = 4; lastKnownFileType = sourcecode.c.objc; path = PCGroupTableVC.m; sourceTree = "<group>"; usesTabs = 0; };
		520D854D1B241EDA000AB9CF /* Base */ = {isa = PBXFileReference; lastKnownFileType = file.storyboard; name = Base; path = Base.lproj/Main.storyboard; sourceTree = "<group>"; };
		520D854F1B241F56000AB9CF /* en */ = {isa = PBXFileReference; lastKnownFileType = text.plist.strings; name = en; path = en.lproj/Main.strings; sourceTree = "<group>"; };
		520D85501B241F5D000AB9CF /* zh-Hans */ = {isa = PBXFileReference; lastKnownFileType = text.plist.strings; name = "zh-Hans"; path = "zh-Hans.lproj/Main.strings"; sourceTree = "<group>"; };
		520E2F121AFB9E9B008FBC27 /* PCCapsuleDetailVC.h */ = {isa = PBXFileReference; fileEncoding = 4; lastKnownFileType = sourcecode.c.h; path = PCCapsuleDetailVC.h; sourceTree = "<group>"; };
		520E2F131AFB9E9B008FBC27 /* PCCapsuleDetailVC.m */ = {isa = PBXFileReference; fileEncoding = 4; lastKnownFileType = sourcecode.c.objc; path = PCCapsuleDetailVC.m; sourceTree = "<group>"; };
		5215414E1B20278100BD6838 /* testImage.jpg */ = {isa = PBXFileReference; lastKnownFileType = image.jpeg; path = testImage.jpg; sourceTree = "<group>"; };
		523EC7921B207DAD00073FCE /* Base */ = {isa = PBXFileReference; lastKnownFileType = text.plist.strings; name = Base; path = Base.lproj/Localizable.strings; sourceTree = "<group>"; };
		523EC7941B207DB200073FCE /* zh-Hans */ = {isa = PBXFileReference; lastKnownFileType = text.plist.strings; name = "zh-Hans"; path = "zh-Hans.lproj/Localizable.strings"; sourceTree = "<group>"; };
		523EC7951B207E3F00073FCE /* fr */ = {isa = PBXFileReference; lastKnownFileType = text.plist.strings; name = fr; path = fr.lproj/Localizable.strings; sourceTree = "<group>"; };
		52415B6D1B3C23AF00F911B3 /* PCDocumentDatabase.h */ = {isa = PBXFileReference; fileEncoding = 4; lastKnownFileType = sourcecode.c.h; path = PCDocumentDatabase.h; sourceTree = "<group>"; };
		52415B6E1B3C23AF00F911B3 /* PCDocumentDatabase.m */ = {isa = PBXFileReference; fileEncoding = 4; lastKnownFileType = sourcecode.c.objc; path = PCDocumentDatabase.m; sourceTree = "<group>"; };
		5241FCD41B410BF200B059FB /* PCCapsuleGroup.h */ = {isa = PBXFileReference; fileEncoding = 4; lastKnownFileType = sourcecode.c.h; path = PCCapsuleGroup.h; sourceTree = "<group>"; };
		5241FCD51B410BF200B059FB /* PCCapsuleGroup.m */ = {isa = PBXFileReference; fileEncoding = 4; lastKnownFileType = sourcecode.c.objc; path = PCCapsuleGroup.m; sourceTree = "<group>"; };
		5241FCDA1B4159BB00B059FB /* PCDocumentWirter.h */ = {isa = PBXFileReference; fileEncoding = 4; lastKnownFileType = sourcecode.c.h; path = PCDocumentWirter.h; sourceTree = "<group>"; };
		5241FCDB1B4159BB00B059FB /* PCDocumentWirter.m */ = {isa = PBXFileReference; fileEncoding = 4; lastKnownFileType = sourcecode.c.objc; path = PCDocumentWirter.m; sourceTree = "<group>"; };
		5241FCE11B4237B800B059FB /* PCNewEntryTableVC.h */ = {isa = PBXFileReference; fileEncoding = 4; lastKnownFileType = sourcecode.c.h; path = PCNewEntryTableVC.h; sourceTree = "<group>"; };
		5241FCE21B4237B800B059FB /* PCNewEntryTableVC.m */ = {isa = PBXFileReference; fileEncoding = 4; lastKnownFileType = sourcecode.c.objc; path = PCNewEntryTableVC.m; sourceTree = "<group>"; };
		525FBA821B2FE99F0072F534 /* PCRegistTableVC.h */ = {isa = PBXFileReference; fileEncoding = 4; lastKnownFileType = sourcecode.c.h; path = PCRegistTableVC.h; sourceTree = "<group>"; };
		525FBA831B2FE99F0072F534 /* PCRegistTableVC.m */ = {isa = PBXFileReference; fileEncoding = 4; lastKnownFileType = sourcecode.c.objc; path = PCRegistTableVC.m; sourceTree = "<group>"; };
		525FBA871B319F740072F534 /* PCKeyChainCapsule.h */ = {isa = PBXFileReference; fileEncoding = 4; lastKnownFileType = sourcecode.c.h; path = PCKeyChainCapsule.h; sourceTree = "<group>"; };
		525FBA881B319F740072F534 /* PCKeyChainCapsule.m */ = {isa = PBXFileReference; fileEncoding = 4; lastKnownFileType = sourcecode.c.objc; path = PCKeyChainCapsule.m; sourceTree = "<group>"; };
		5263E84F1AE8FDE000D79116 /* PCUnLockVC.h */ = {isa = PBXFileReference; fileEncoding = 4; lastKnownFileType = sourcecode.c.h; path = PCUnLockVC.h; sourceTree = "<group>"; };
		5263E8501AE8FDE000D79116 /* PCUnLockVC.m */ = {isa = PBXFileReference; fileEncoding = 4; lastKnownFileType = sourcecode.c.objc; path = PCUnLockVC.m; sourceTree = "<group>"; };
		526EEFDB1B2EFD0300B693CD /* PCDocumentManager.h */ = {isa = PBXFileReference; fileEncoding = 4; lastKnownFileType = sourcecode.c.h; path = PCDocumentManager.h; sourceTree = "<group>"; };
		526EEFDC1B2EFD0300B693CD /* PCDocumentManager.m */ = {isa = PBXFileReference; fileEncoding = 4; lastKnownFileType = sourcecode.c.objc; path = PCDocumentManager.m; sourceTree = "<group>"; };
		526EEFDE1B2F04EB00B693CD /* PCNewDocumetTableVC.h */ = {isa = PBXFileReference; fileEncoding = 4; lastKnownFileType = sourcecode.c.h; path = PCNewDocumetTableVC.h; sourceTree = "<group>"; };
		526EEFDF1B2F04EB00B693CD /* PCNewDocumetTableVC.m */ = {isa = PBXFileReference; fileEncoding = 4; lastKnownFileType = sourcecode.c.objc; path = PCNewDocumetTableVC.m; sourceTree = "<group>"; };
		5277F3931B3D4340007AEB4A /* PCPassword.h */ = {isa = PBXFileReference; fileEncoding = 4; lastKnownFileType = sourcecode.c.h; path = PCPassword.h; sourceTree = "<group>"; };
		5277F3941B3D4340007AEB4A /* PCPassword.m */ = {isa = PBXFileReference; fileEncoding = 4; lastKnownFileType = sourcecode.c.objc; path = PCPassword.m; sourceTree = "<group>"; };
		528E9C451B20781C00A42913 /* PassCapsule.entitlements */ = {isa = PBXFileReference; lastKnownFileType = text.xml; path = PassCapsule.entitlements; sourceTree = "<group>"; };
		52A9395B1B06F3C900E1DC68 /* iTunesArtwork */ = {isa = PBXFileReference; lastKnownFileType = file; path = iTunesArtwork; sourceTree = "<group>"; };
		52B2B1B21ADFB0E700192404 /* PassCapsule.app */ = {isa = PBXFileReference; explicitFileType = wrapper.application; includeInIndex = 0; path = PassCapsule.app; sourceTree = BUILT_PRODUCTS_DIR; };
		52B2B1B61ADFB0E700192404 /* Info.plist */ = {isa = PBXFileReference; lastKnownFileType = text.plist.xml; path = Info.plist; sourceTree = "<group>"; };
		52B2B1B71ADFB0E700192404 /* main.m */ = {isa = PBXFileReference; lastKnownFileType = sourcecode.c.objc; path = main.m; sourceTree = "<group>"; };
		52B2B1B91ADFB0E700192404 /* PCAppDelegate.h */ = {isa = PBXFileReference; lastKnownFileType = sourcecode.c.h; path = PCAppDelegate.h; sourceTree = "<group>"; };
		52B2B1BA1ADFB0E700192404 /* PCAppDelegate.m */ = {isa = PBXFileReference; lastKnownFileType = sourcecode.c.objc; path = PCAppDelegate.m; sourceTree = "<group>"; };
		52B2B1C51ADFB0E700192404 /* Images.xcassets */ = {isa = PBXFileReference; lastKnownFileType = folder.assetcatalog; path = Images.xcassets; sourceTree = "<group>"; };
		52B2B1CE1ADFB0E700192404 /* PassCapsuleTests.xctest */ = {isa = PBXFileReference; explicitFileType = wrapper.cfbundle; includeInIndex = 0; path = PassCapsuleTests.xctest; sourceTree = BUILT_PRODUCTS_DIR; };
		52B2B1D31ADFB0E700192404 /* Info.plist */ = {isa = PBXFileReference; lastKnownFileType = text.plist.xml; path = Info.plist; sourceTree = "<group>"; };
		52B2B1D41ADFB0E700192404 /* PassCapsuleTests.m */ = {isa = PBXFileReference; lastKnownFileType = sourcecode.c.objc; path = PassCapsuleTests.m; sourceTree = "<group>"; };
		52E127A21B0C9AB200B4AB3D /* PCLoginVC.h */ = {isa = PBXFileReference; fileEncoding = 4; lastKnownFileType = sourcecode.c.h; path = PCLoginVC.h; sourceTree = "<group>"; };
		52E127A31B0C9AB200B4AB3D /* PCLoginVC.m */ = {isa = PBXFileReference; fileEncoding = 4; lastKnownFileType = sourcecode.c.objc; path = PCLoginVC.m; sourceTree = "<group>"; };
		52E3D8431B12F05700C150FA /* libxml2.dylib */ = {isa = PBXFileReference; lastKnownFileType = "compiled.mach-o.dylib"; name = libxml2.dylib; path = usr/lib/libxml2.dylib; sourceTree = SDKROOT; };
		52E3D8451B14792200C150FA /* PCRegistVC.h */ = {isa = PBXFileReference; fileEncoding = 4; lastKnownFileType = sourcecode.c.h; path = PCRegistVC.h; sourceTree = "<group>"; };
		52E3D8461B14792200C150FA /* PCRegistVC.m */ = {isa = PBXFileReference; fileEncoding = 4; lastKnownFileType = sourcecode.c.objc; path = PCRegistVC.m; sourceTree = "<group>"; };
		52E968791AF9D03300E6E759 /* PCXMLParser.h */ = {isa = PBXFileReference; fileEncoding = 4; lastKnownFileType = sourcecode.c.h; path = PCXMLParser.h; sourceTree = "<group>"; };
		52E9687A1AF9D03300E6E759 /* PCXMLParser.m */ = {isa = PBXFileReference; fileEncoding = 4; lastKnownFileType = sourcecode.c.objc; path = PCXMLParser.m; sourceTree = "<group>"; };
		52E9687D1AF9D14C00E6E759 /* PCCapsule.h */ = {isa = PBXFileReference; fileEncoding = 4; lastKnownFileType = sourcecode.c.h; path = PCCapsule.h; sourceTree = "<group>"; };
		52E9687E1AF9D14C00E6E759 /* PCCapsule.m */ = {isa = PBXFileReference; fileEncoding = 4; lastKnownFileType = sourcecode.c.objc; path = PCCapsule.m; sourceTree = "<group>"; };
		52E968811AF9D33E00E6E759 /* capsules.xml */ = {isa = PBXFileReference; fileEncoding = 4; lastKnownFileType = text.xml; path = capsules.xml; sourceTree = "<group>"; };
		9A8E6AF98A55F1387ECD793B /* libPods.a */ = {isa = PBXFileReference; explicitFileType = archive.ar; includeInIndex = 0; path = libPods.a; sourceTree = BUILT_PRODUCTS_DIR; };
		9DEBE8AE9F7C94D84C92D048 /* Pods.release.xcconfig */ = {isa = PBXFileReference; includeInIndex = 1; lastKnownFileType = text.xcconfig; name = Pods.release.xcconfig; path = "Pods/Target Support Files/Pods/Pods.release.xcconfig"; sourceTree = "<group>"; };
/* End PBXFileReference section */

/* Begin PBXFrameworksBuildPhase section */
		52B2B1AF1ADFB0E700192404 /* Frameworks */ = {
			isa = PBXFrameworksBuildPhase;
			buildActionMask = 2147483647;
			files = (
				C92072574D5258FB9B062893 /* libPods.a in Frameworks */,
			);
			runOnlyForDeploymentPostprocessing = 0;
		};
		52B2B1CB1ADFB0E700192404 /* Frameworks */ = {
			isa = PBXFrameworksBuildPhase;
			buildActionMask = 2147483647;
			files = (
			);
			runOnlyForDeploymentPostprocessing = 0;
		};
/* End PBXFrameworksBuildPhase section */

/* Begin PBXGroup section */
		11BC81E66C9147305AA9DB04 /* Frameworks */ = {
			isa = PBXGroup;
			children = (
				52E3D8431B12F05700C150FA /* libxml2.dylib */,
				9A8E6AF98A55F1387ECD793B /* libPods.a */,
			);
			name = Frameworks;
			sourceTree = "<group>";
		};
		527513201AEB961D000462CB /* Controllers */ = {
			isa = PBXGroup;
			children = (
				52E127A21B0C9AB200B4AB3D /* PCLoginVC.h */,
				52E127A31B0C9AB200B4AB3D /* PCLoginVC.m */,
				52E3D8451B14792200C150FA /* PCRegistVC.h */,
				52E3D8461B14792200C150FA /* PCRegistVC.m */,
				5263E84F1AE8FDE000D79116 /* PCUnLockVC.h */,
				5263E8501AE8FDE000D79116 /* PCUnLockVC.m */,
				5200C4911AEC82EA00FF89C2 /* PCGroupTableVC.h */,
				5200C4921AEC82EA00FF89C2 /* PCGroupTableVC.m */,
				520E2F121AFB9E9B008FBC27 /* PCCapsuleDetailVC.h */,
				520E2F131AFB9E9B008FBC27 /* PCCapsuleDetailVC.m */,
				526EEFDE1B2F04EB00B693CD /* PCNewDocumetTableVC.h */,
				526EEFDF1B2F04EB00B693CD /* PCNewDocumetTableVC.m */,
				525FBA821B2FE99F0072F534 /* PCRegistTableVC.h */,
				525FBA831B2FE99F0072F534 /* PCRegistTableVC.m */,
				5241FCE11B4237B800B059FB /* PCNewEntryTableVC.h */,
				5241FCE21B4237B800B059FB /* PCNewEntryTableVC.m */,
			);
			name = Controllers;
			sourceTree = "<group>";
		};
		52B2B1A91ADFB0E700192404 = {
			isa = PBXGroup;
			children = (
				52B2B1B41ADFB0E700192404 /* PassCapsule */,
				52B2B1D11ADFB0E700192404 /* PassCapsuleTests */,
				52B2B1B31ADFB0E700192404 /* Products */,
				C3CDC9C99C4901A819BE022E /* Pods */,
				11BC81E66C9147305AA9DB04 /* Frameworks */,
			);
			sourceTree = "<group>";
		};
		52B2B1B31ADFB0E700192404 /* Products */ = {
			isa = PBXGroup;
			children = (
				52B2B1B21ADFB0E700192404 /* PassCapsule.app */,
				52B2B1CE1ADFB0E700192404 /* PassCapsuleTests.xctest */,
			);
			name = Products;
			sourceTree = "<group>";
		};
		52B2B1B41ADFB0E700192404 /* PassCapsule */ = {
			isa = PBXGroup;
			children = (
				528E9C451B20781C00A42913 /* PassCapsule.entitlements */,
				52E968801AF9D32700E6E759 /* test resource */,
				52E9687C1AF9D10A00E6E759 /* Model */,
				52E968781AF9CF9B00E6E759 /* Utilities */,
				527513201AEB961D000462CB /* Controllers */,
				52B2B1B91ADFB0E700192404 /* PCAppDelegate.h */,
				52B2B1BA1ADFB0E700192404 /* PCAppDelegate.m */,
				52B2B1C21ADFB0E700192404 /* Main.storyboard */,
				52B2B1C51ADFB0E700192404 /* Images.xcassets */,
				52B2B1B51ADFB0E700192404 /* Supporting Files */,
				523EC7931B207DAD00073FCE /* Localizable.strings */,
			);
			path = PassCapsule;
			sourceTree = "<group>";
		};
		52B2B1B51ADFB0E700192404 /* Supporting Files */ = {
			isa = PBXGroup;
			children = (
				52A9395B1B06F3C900E1DC68 /* iTunesArtwork */,
				52B2B1B61ADFB0E700192404 /* Info.plist */,
				52B2B1B71ADFB0E700192404 /* main.m */,
			);
			name = "Supporting Files";
			sourceTree = "<group>";
		};
		52B2B1D11ADFB0E700192404 /* PassCapsuleTests */ = {
			isa = PBXGroup;
			children = (
				52B2B1D41ADFB0E700192404 /* PassCapsuleTests.m */,
				52B2B1D21ADFB0E700192404 /* Supporting Files */,
			);
			path = PassCapsuleTests;
			sourceTree = "<group>";
		};
		52B2B1D21ADFB0E700192404 /* Supporting Files */ = {
			isa = PBXGroup;
			children = (
				52B2B1D31ADFB0E700192404 /* Info.plist */,
			);
			name = "Supporting Files";
			sourceTree = "<group>";
		};
		52E968781AF9CF9B00E6E759 /* Utilities */ = {
			isa = PBXGroup;
			children = (
				52E968791AF9D03300E6E759 /* PCXMLParser.h */,
				52E9687A1AF9D03300E6E759 /* PCXMLParser.m */,
				526EEFDB1B2EFD0300B693CD /* PCDocumentManager.h */,
				526EEFDC1B2EFD0300B693CD /* PCDocumentManager.m */,
				5241FCDA1B4159BB00B059FB /* PCDocumentWirter.h */,
				5241FCDB1B4159BB00B059FB /* PCDocumentWirter.m */,
			);
			name = Utilities;
			sourceTree = "<group>";
		};
		52E9687C1AF9D10A00E6E759 /* Model */ = {
			isa = PBXGroup;
			children = (
				52E9687D1AF9D14C00E6E759 /* PCCapsule.h */,
				52E9687E1AF9D14C00E6E759 /* PCCapsule.m */,
				5241FCD41B410BF200B059FB /* PCCapsuleGroup.h */,
				5241FCD51B410BF200B059FB /* PCCapsuleGroup.m */,
				5277F3931B3D4340007AEB4A /* PCPassword.h */,
				5277F3941B3D4340007AEB4A /* PCPassword.m */,
				525FBA871B319F740072F534 /* PCKeyChainCapsule.h */,
				525FBA881B319F740072F534 /* PCKeyChainCapsule.m */,
				52415B6D1B3C23AF00F911B3 /* PCDocumentDatabase.h */,
				52415B6E1B3C23AF00F911B3 /* PCDocumentDatabase.m */,
			);
			name = Model;
			sourceTree = "<group>";
		};
		52E968801AF9D32700E6E759 /* test resource */ = {
			isa = PBXGroup;
			children = (
				52E968811AF9D33E00E6E759 /* capsules.xml */,
				5215414E1B20278100BD6838 /* testImage.jpg */,
			);
			name = "test resource";
			sourceTree = "<group>";
		};
		C3CDC9C99C4901A819BE022E /* Pods */ = {
			isa = PBXGroup;
			children = (
				39E665E6408B1EFA20B09C2E /* Pods.debug.xcconfig */,
				9DEBE8AE9F7C94D84C92D048 /* Pods.release.xcconfig */,
			);
			name = Pods;
			sourceTree = "<group>";
		};
/* End PBXGroup section */

/* Begin PBXNativeTarget section */
		52B2B1B11ADFB0E700192404 /* PassCapsule */ = {
			isa = PBXNativeTarget;
			buildConfigurationList = 52B2B1D81ADFB0E700192404 /* Build configuration list for PBXNativeTarget "PassCapsule" */;
			buildPhases = (
				F2655C33A44CCADB7D88D8D0 /* Check Pods Manifest.lock */,
				52B2B1AE1ADFB0E700192404 /* Sources */,
				52B2B1AF1ADFB0E700192404 /* Frameworks */,
				52B2B1B01ADFB0E700192404 /* Resources */,
				2811F9A6562D9DC942555E43 /* Copy Pods Resources */,
				525FBA861B313E3C0072F534 /* Auto Increment Version Script */,
			);
			buildRules = (
			);
			dependencies = (
			);
			name = PassCapsule;
			productName = PassCapsule;
			productReference = 52B2B1B21ADFB0E700192404 /* PassCapsule.app */;
			productType = "com.apple.product-type.application";
		};
		52B2B1CD1ADFB0E700192404 /* PassCapsuleTests */ = {
			isa = PBXNativeTarget;
			buildConfigurationList = 52B2B1DB1ADFB0E700192404 /* Build configuration list for PBXNativeTarget "PassCapsuleTests" */;
			buildPhases = (
				52B2B1CA1ADFB0E700192404 /* Sources */,
				52B2B1CB1ADFB0E700192404 /* Frameworks */,
				52B2B1CC1ADFB0E700192404 /* Resources */,
			);
			buildRules = (
			);
			dependencies = (
				52B2B1D01ADFB0E700192404 /* PBXTargetDependency */,
			);
			name = PassCapsuleTests;
			productName = PassCapsuleTests;
			productReference = 52B2B1CE1ADFB0E700192404 /* PassCapsuleTests.xctest */;
			productType = "com.apple.product-type.bundle.unit-test";
		};
/* End PBXNativeTarget section */

/* Begin PBXProject section */
		52B2B1AA1ADFB0E700192404 /* Project object */ = {
			isa = PBXProject;
			attributes = {
				LastUpgradeCheck = 0630;
				ORGANIZATIONNAME = "John Shaw";
				TargetAttributes = {
					52B2B1B11ADFB0E700192404 = {
						CreatedOnToolsVersion = 6.3;
						DevelopmentTeam = B5CC595BC4;
						SystemCapabilities = {
							com.apple.Keychain = {
								enabled = 1;
							};
						};
					};
					52B2B1CD1ADFB0E700192404 = {
						CreatedOnToolsVersion = 6.3;
						TestTargetID = 52B2B1B11ADFB0E700192404;
					};
				};
			};
			buildConfigurationList = 52B2B1AD1ADFB0E700192404 /* Build configuration list for PBXProject "PassCapsule" */;
			compatibilityVersion = "Xcode 3.2";
			developmentRegion = English;
			hasScannedForEncodings = 0;
			knownRegions = (
				en,
				Base,
				"zh-Hans",
				fr,
			);
			mainGroup = 52B2B1A91ADFB0E700192404;
			productRefGroup = 52B2B1B31ADFB0E700192404 /* Products */;
			projectDirPath = "";
			projectRoot = "";
			targets = (
				52B2B1B11ADFB0E700192404 /* PassCapsule */,
				52B2B1CD1ADFB0E700192404 /* PassCapsuleTests */,
			);
		};
/* End PBXProject section */

/* Begin PBXResourcesBuildPhase section */
		52B2B1B01ADFB0E700192404 /* Resources */ = {
			isa = PBXResourcesBuildPhase;
			buildActionMask = 2147483647;
			files = (
				523EC7911B207DAD00073FCE /* Localizable.strings in Resources */,
				52B2B1C61ADFB0E700192404 /* Images.xcassets in Resources */,
				52A9395C1B06F3C900E1DC68 /* iTunesArtwork in Resources */,
				520D854E1B241F46000AB9CF /* Main.storyboard in Resources */,
				52E968821AF9D33E00E6E759 /* capsules.xml in Resources */,
				5215414F1B20278100BD6838 /* testImage.jpg in Resources */,
			);
			runOnlyForDeploymentPostprocessing = 0;
		};
		52B2B1CC1ADFB0E700192404 /* Resources */ = {
			isa = PBXResourcesBuildPhase;
			buildActionMask = 2147483647;
			files = (
			);
			runOnlyForDeploymentPostprocessing = 0;
		};
/* End PBXResourcesBuildPhase section */

/* Begin PBXShellScriptBuildPhase section */
		2811F9A6562D9DC942555E43 /* Copy Pods Resources */ = {
			isa = PBXShellScriptBuildPhase;
			buildActionMask = 2147483647;
			files = (
			);
			inputPaths = (
			);
			name = "Copy Pods Resources";
			outputPaths = (
			);
			runOnlyForDeploymentPostprocessing = 0;
			shellPath = /bin/sh;
			shellScript = "\"${SRCROOT}/Pods/Target Support Files/Pods/Pods-resources.sh\"\n";
			showEnvVarsInLog = 0;
		};
		525FBA861B313E3C0072F534 /* Auto Increment Version Script */ = {
			isa = PBXShellScriptBuildPhase;
			buildActionMask = 2147483647;
			files = (
			);
			inputPaths = (
			);
			name = "Auto Increment Version Script";
			outputPaths = (
			);
			runOnlyForDeploymentPostprocessing = 0;
			shellPath = /bin/sh;
			shellScript = "#!/bin/bash\nbuildNumber=$(/usr/libexec/PlistBuddy -c \"Print CFBundleVersion\" \"$INFOPLIST_FILE\")\nbuildNumber=$(($buildNumber + 1))\n/usr/libexec/PlistBuddy -c \"Set :CFBundleVersion $buildNumber\" \"$INFOPLIST_FILE\"";
		};
		F2655C33A44CCADB7D88D8D0 /* Check Pods Manifest.lock */ = {
			isa = PBXShellScriptBuildPhase;
			buildActionMask = 2147483647;
			files = (
			);
			inputPaths = (
			);
			name = "Check Pods Manifest.lock";
			outputPaths = (
			);
			runOnlyForDeploymentPostprocessing = 0;
			shellPath = /bin/sh;
			shellScript = "diff \"${PODS_ROOT}/../Podfile.lock\" \"${PODS_ROOT}/Manifest.lock\" > /dev/null\nif [[ $? != 0 ]] ; then\n    cat << EOM\nerror: The sandbox is not in sync with the Podfile.lock. Run 'pod install' or update your CocoaPods installation.\nEOM\n    exit 1\nfi\n";
			showEnvVarsInLog = 0;
		};
/* End PBXShellScriptBuildPhase section */

/* Begin PBXSourcesBuildPhase section */
		52B2B1AE1ADFB0E700192404 /* Sources */ = {
			isa = PBXSourcesBuildPhase;
			buildActionMask = 2147483647;
			files = (
				52E9687F1AF9D14C00E6E759 /* PCCapsule.m in Sources */,
				5200C4931AEC82EA00FF89C2 /* PCGroupTableVC.m in Sources */,
				5241FCE31B4237B800B059FB /* PCNewEntryTableVC.m in Sources */,
				525FBA891B319F740072F534 /* PCKeyChainCapsule.m in Sources */,
				520E2F141AFB9E9B008FBC27 /* PCCapsuleDetailVC.m in Sources */,
				5263E8511AE8FDE000D79116 /* PCUnLockVC.m in Sources */,
				5277F3951B3D4340007AEB4A /* PCPassword.m in Sources */,
				52E127A41B0C9AB200B4AB3D /* PCLoginVC.m in Sources */,
				52415B6F1B3C23AF00F911B3 /* PCDocumentDatabase.m in Sources */,
				526EEFDD1B2EFD0300B693CD /* PCDocumentManager.m in Sources */,
				52B2B1BB1ADFB0E700192404 /* PCAppDelegate.m in Sources */,
				5241FCD61B410BF200B059FB /* PCCapsuleGroup.m in Sources */,
				52E9687B1AF9D03300E6E759 /* PCXMLParser.m in Sources */,
				52B2B1B81ADFB0E700192404 /* main.m in Sources */,
				5241FCDC1B4159BB00B059FB /* PCDocumentWirter.m in Sources */,
				526EEFE01B2F04EB00B693CD /* PCNewDocumetTableVC.m in Sources */,
				525FBA841B2FE99F0072F534 /* PCRegistTableVC.m in Sources */,
				52E3D8471B14792200C150FA /* PCRegistVC.m in Sources */,
			);
			runOnlyForDeploymentPostprocessing = 0;
		};
		52B2B1CA1ADFB0E700192404 /* Sources */ = {
			isa = PBXSourcesBuildPhase;
			buildActionMask = 2147483647;
			files = (
				52B2B1D51ADFB0E700192404 /* PassCapsuleTests.m in Sources */,
			);
			runOnlyForDeploymentPostprocessing = 0;
		};
/* End PBXSourcesBuildPhase section */

/* Begin PBXTargetDependency section */
		52B2B1D01ADFB0E700192404 /* PBXTargetDependency */ = {
			isa = PBXTargetDependency;
			target = 52B2B1B11ADFB0E700192404 /* PassCapsule */;
			targetProxy = 52B2B1CF1ADFB0E700192404 /* PBXContainerItemProxy */;
		};
/* End PBXTargetDependency section */

/* Begin PBXVariantGroup section */
		523EC7931B207DAD00073FCE /* Localizable.strings */ = {
			isa = PBXVariantGroup;
			children = (
				523EC7921B207DAD00073FCE /* Base */,
				523EC7941B207DB200073FCE /* zh-Hans */,
				523EC7951B207E3F00073FCE /* fr */,
			);
			name = Localizable.strings;
			sourceTree = "<group>";
		};
		52B2B1C21ADFB0E700192404 /* Main.storyboard */ = {
			isa = PBXVariantGroup;
			children = (
				520D854D1B241EDA000AB9CF /* Base */,
				520D854F1B241F56000AB9CF /* en */,
				520D85501B241F5D000AB9CF /* zh-Hans */,
			);
			name = Main.storyboard;
			sourceTree = "<group>";
		};
/* End PBXVariantGroup section */

/* Begin XCBuildConfiguration section */
		52B2B1D61ADFB0E700192404 /* Debug */ = {
			isa = XCBuildConfiguration;
			buildSettings = {
				ALWAYS_SEARCH_USER_PATHS = NO;
				CLANG_CXX_LANGUAGE_STANDARD = "gnu++0x";
				CLANG_CXX_LIBRARY = "libc++";
				CLANG_ENABLE_MODULES = YES;
				CLANG_ENABLE_OBJC_ARC = YES;
				CLANG_WARN_BOOL_CONVERSION = YES;
				CLANG_WARN_CONSTANT_CONVERSION = YES;
				CLANG_WARN_DIRECT_OBJC_ISA_USAGE = YES_ERROR;
				CLANG_WARN_EMPTY_BODY = YES;
				CLANG_WARN_ENUM_CONVERSION = YES;
				CLANG_WARN_INT_CONVERSION = YES;
				CLANG_WARN_OBJC_ROOT_CLASS = YES_ERROR;
				CLANG_WARN_UNREACHABLE_CODE = YES;
				CLANG_WARN__DUPLICATE_METHOD_MATCH = YES;
				"CODE_SIGN_IDENTITY[sdk=iphoneos*]" = "iPhone Developer";
				COPY_PHASE_STRIP = NO;
				DEBUG_INFORMATION_FORMAT = "dwarf-with-dsym";
				ENABLE_STRICT_OBJC_MSGSEND = YES;
				GCC_C_LANGUAGE_STANDARD = gnu99;
				GCC_DYNAMIC_NO_PIC = NO;
				GCC_NO_COMMON_BLOCKS = YES;
				GCC_OPTIMIZATION_LEVEL = 0;
				GCC_PREPROCESSOR_DEFINITIONS = (
					"DEBUG=1",
					"$(inherited)",
				);
				GCC_SYMBOLS_PRIVATE_EXTERN = NO;
				GCC_WARN_64_TO_32_BIT_CONVERSION = YES;
				GCC_WARN_ABOUT_RETURN_TYPE = YES_ERROR;
				GCC_WARN_UNDECLARED_SELECTOR = YES;
				GCC_WARN_UNINITIALIZED_AUTOS = YES_AGGRESSIVE;
				GCC_WARN_UNUSED_FUNCTION = YES;
				GCC_WARN_UNUSED_VARIABLE = YES;
				IPHONEOS_DEPLOYMENT_TARGET = 8.3;
				MTL_ENABLE_DEBUG_INFO = YES;
				ONLY_ACTIVE_ARCH = YES;
				SDKROOT = iphoneos;
			};
			name = Debug;
		};
		52B2B1D71ADFB0E700192404 /* Release */ = {
			isa = XCBuildConfiguration;
			buildSettings = {
				ALWAYS_SEARCH_USER_PATHS = NO;
				CLANG_CXX_LANGUAGE_STANDARD = "gnu++0x";
				CLANG_CXX_LIBRARY = "libc++";
				CLANG_ENABLE_MODULES = YES;
				CLANG_ENABLE_OBJC_ARC = YES;
				CLANG_WARN_BOOL_CONVERSION = YES;
				CLANG_WARN_CONSTANT_CONVERSION = YES;
				CLANG_WARN_DIRECT_OBJC_ISA_USAGE = YES_ERROR;
				CLANG_WARN_EMPTY_BODY = YES;
				CLANG_WARN_ENUM_CONVERSION = YES;
				CLANG_WARN_INT_CONVERSION = YES;
				CLANG_WARN_OBJC_ROOT_CLASS = YES_ERROR;
				CLANG_WARN_UNREACHABLE_CODE = YES;
				CLANG_WARN__DUPLICATE_METHOD_MATCH = YES;
				"CODE_SIGN_IDENTITY[sdk=iphoneos*]" = "iPhone Developer";
				COPY_PHASE_STRIP = NO;
				DEBUG_INFORMATION_FORMAT = "dwarf-with-dsym";
				ENABLE_NS_ASSERTIONS = NO;
				ENABLE_STRICT_OBJC_MSGSEND = YES;
				GCC_C_LANGUAGE_STANDARD = gnu99;
				GCC_NO_COMMON_BLOCKS = YES;
				GCC_WARN_64_TO_32_BIT_CONVERSION = YES;
				GCC_WARN_ABOUT_RETURN_TYPE = YES_ERROR;
				GCC_WARN_UNDECLARED_SELECTOR = YES;
				GCC_WARN_UNINITIALIZED_AUTOS = YES_AGGRESSIVE;
				GCC_WARN_UNUSED_FUNCTION = YES;
				GCC_WARN_UNUSED_VARIABLE = YES;
				IPHONEOS_DEPLOYMENT_TARGET = 8.3;
				MTL_ENABLE_DEBUG_INFO = NO;
				SDKROOT = iphoneos;
				VALIDATE_PRODUCT = YES;
			};
			name = Release;
		};
		52B2B1D91ADFB0E700192404 /* Debug */ = {
			isa = XCBuildConfiguration;
			baseConfigurationReference = 39E665E6408B1EFA20B09C2E /* Pods.debug.xcconfig */;
			buildSettings = {
				ALWAYS_SEARCH_USER_PATHS = YES;
				ASSETCATALOG_COMPILER_APPICON_NAME = AppIcon;
				ASSETCATALOG_COMPILER_LAUNCHIMAGE_NAME = LaunchImage;
				CODE_SIGN_ENTITLEMENTS = PassCapsule/PassCapsule.entitlements;
				CODE_SIGN_IDENTITY = "iPhone Developer";
				"CODE_SIGN_IDENTITY[sdk=iphoneos*]" = "iPhone Developer";
				GCC_PREPROCESSOR_DEFINITIONS = (
					"$(inherited)",
					"COCOAPODS=1",
					WITHOUT_LIBXSLT,
				);
				HEADER_SEARCH_PATHS = (
					"$(inherited)",
					"\"${PODS_ROOT}/Headers/Public\"",
					"\"${PODS_ROOT}/Headers/Public/EAIntroView\"",
					"\"${PODS_ROOT}/Headers/Public/IQKeyboardManager\"",
				);
				INFOPLIST_FILE = PassCapsule/Info.plist;
				IPHONEOS_DEPLOYMENT_TARGET = 7.0;
				LD_RUNPATH_SEARCH_PATHS = "$(inherited) @executable_path/Frameworks";
				PRODUCT_NAME = "$(TARGET_NAME)";
				PROVISIONING_PROFILE = "";
				TARGETED_DEVICE_FAMILY = 1;
				USER_HEADER_SEARCH_PATHS = "";
			};
			name = Debug;
		};
		52B2B1DA1ADFB0E700192404 /* Release */ = {
			isa = XCBuildConfiguration;
			baseConfigurationReference = 9DEBE8AE9F7C94D84C92D048 /* Pods.release.xcconfig */;
			buildSettings = {
				ALWAYS_SEARCH_USER_PATHS = YES;
				ASSETCATALOG_COMPILER_APPICON_NAME = AppIcon;
				ASSETCATALOG_COMPILER_LAUNCHIMAGE_NAME = LaunchImage;
				CODE_SIGN_ENTITLEMENTS = PassCapsule/PassCapsule.entitlements;
				CODE_SIGN_IDENTITY = "iPhone Developer";
				"CODE_SIGN_IDENTITY[sdk=iphoneos*]" = "iPhone Developer";
				HEADER_SEARCH_PATHS = (
					"$(inherited)",
					"\"${PODS_ROOT}/Headers/Public\"",
					"\"${PODS_ROOT}/Headers/Public/EAIntroView\"",
					"\"${PODS_ROOT}/Headers/Public/IQKeyboardManager\"",
				);
				INFOPLIST_FILE = PassCapsule/Info.plist;
				IPHONEOS_DEPLOYMENT_TARGET = 7.0;
				LD_RUNPATH_SEARCH_PATHS = "$(inherited) @executable_path/Frameworks";
				PRODUCT_NAME = "$(TARGET_NAME)";
				PROVISIONING_PROFILE = "";
				TARGETED_DEVICE_FAMILY = 1;
				USER_HEADER_SEARCH_PATHS = "";
			};
			name = Release;
		};
		52B2B1DC1ADFB0E700192404 /* Debug */ = {
			isa = XCBuildConfiguration;
			buildSettings = {
				BUNDLE_LOADER = "$(TEST_HOST)";
				FRAMEWORK_SEARCH_PATHS = (
					"$(SDKROOT)/Developer/Library/Frameworks",
					"$(inherited)",
				);
				GCC_PREPROCESSOR_DEFINITIONS = (
					"DEBUG=1",
					"$(inherited)",
				);
				INFOPLIST_FILE = PassCapsuleTests/Info.plist;
				LD_RUNPATH_SEARCH_PATHS = "$(inherited) @executable_path/Frameworks @loader_path/Frameworks";
				PRODUCT_NAME = "$(TARGET_NAME)";
				TEST_HOST = "$(BUILT_PRODUCTS_DIR)/PassCapsule.app/PassCapsule";
			};
			name = Debug;
		};
		52B2B1DD1ADFB0E700192404 /* Release */ = {
			isa = XCBuildConfiguration;
			buildSettings = {
				BUNDLE_LOADER = "$(TEST_HOST)";
				FRAMEWORK_SEARCH_PATHS = (
					"$(SDKROOT)/Developer/Library/Frameworks",
					"$(inherited)",
				);
				INFOPLIST_FILE = PassCapsuleTests/Info.plist;
				LD_RUNPATH_SEARCH_PATHS = "$(inherited) @executable_path/Frameworks @loader_path/Frameworks";
				PRODUCT_NAME = "$(TARGET_NAME)";
				TEST_HOST = "$(BUILT_PRODUCTS_DIR)/PassCapsule.app/PassCapsule";
			};
			name = Release;
		};
/* End XCBuildConfiguration section */

/* Begin XCConfigurationList section */
		52B2B1AD1ADFB0E700192404 /* Build configuration list for PBXProject "PassCapsule" */ = {
			isa = XCConfigurationList;
			buildConfigurations = (
				52B2B1D61ADFB0E700192404 /* Debug */,
				52B2B1D71ADFB0E700192404 /* Release */,
			);
			defaultConfigurationIsVisible = 0;
			defaultConfigurationName = Release;
		};
		52B2B1D81ADFB0E700192404 /* Build configuration list for PBXNativeTarget "PassCapsule" */ = {
			isa = XCConfigurationList;
			buildConfigurations = (
				52B2B1D91ADFB0E700192404 /* Debug */,
				52B2B1DA1ADFB0E700192404 /* Release */,
			);
			defaultConfigurationIsVisible = 0;
			defaultConfigurationName = Release;
		};
		52B2B1DB1ADFB0E700192404 /* Build configuration list for PBXNativeTarget "PassCapsuleTests" */ = {
			isa = XCConfigurationList;
			buildConfigurations = (
				52B2B1DC1ADFB0E700192404 /* Debug */,
				52B2B1DD1ADFB0E700192404 /* Release */,
			);
			defaultConfigurationIsVisible = 0;
			defaultConfigurationName = Release;
		};
/* End XCConfigurationList section */
	};
	rootObject = 52B2B1AA1ADFB0E700192404 /* Project object */;
}
