PODS:
  - EAIntroView (2.6.4)
  - pop (1.0.7)
  - PureLayout (2.0.6)

DEPENDENCIES:
  - EAIntroView
  - pop
  - purelayout

SPEC CHECKSUMS:
  EAIntroView: df7dc18da73e1831d06878b9c0e13da78e6bb3ce
  pop: 628ffc631644601567ee8bfaaaea493ebd7d0923
  PureLayout: f25f0bb904d5ccfe6e31da3cb869185259f02e0d

COCOAPODS: 0.36.4
